
Microsoft Visual Studio Solution File, Format Version 12.00
# Visual Studio 15
VisualStudioVersion = 15.0.27004.2002
MinimumVisualStudioVersion = 10.0.40219.1
Project("{FAE04EC0-301F-11D3-BF4B-00C04F79EFBC}") = "SarajevoTravel", "SarajevoTravel\SarajevoTravel.csproj", "{B61927DC-BD73-4CD5-8397-22A443363A0B}"
EndProject
Global
	GlobalSection(SolutionConfigurationPlatforms) = preSolution
		Debug|ARM = Debug|ARM
		Debug|x64 = Debug|x64
		Debug|x86 = Debug|x86
		Release|ARM = Release|ARM
		Release|x64 = Release|x64
		Release|x86 = Release|x86
	EndGlobalSection
	GlobalSection(ProjectConfigurationPlatforms) = postSolution
		{B61927DC-BD73-4CD5-8397-22A443363A0B}.Debug|ARM.ActiveCfg = Debug|ARM
		{B61927DC-BD73-4CD5-8397-22A443363A0B}.Debug|ARM.Build.0 = Debug|ARM
		{B61927DC-BD73-4CD5-8397-22A443363A0B}.Debug|ARM.Deploy.0 = Debug|ARM
		{B61927DC-BD73-4CD5-8397-22A443363A0B}.Debug|x64.ActiveCfg = Debug|x64
		{B61927DC-BD73-4CD5-8397-22A443363A0B}.Debug|x64.Build.0 = Debug|x64
		{B61927DC-BD73-4CD5-8397-22A443363A0B}.Debug|x64.Deploy.0 = Debug|x64
		{B61927DC-BD73-4CD5-8397-22A443363A0B}.Debug|x86.ActiveCfg = Debug|x86
		{B61927DC-BD73-4CD5-8397-22A443363A0B}.Debug|x86.Build.0 = Debug|x86
		{B61927DC-BD73-4CD5-8397-22A443363A0B}.Debug|x86.Deploy.0 = Debug|x86
		{B61927DC-BD73-4CD5-8397-22A443363A0B}.Release|ARM.ActiveCfg = Release|ARM
		{B61927DC-BD73-4CD5-8397-22A443363A0B}.Release|ARM.Build.0 = Release|ARM
		{B61927DC-BD73-4CD5-8397-22A443363A0B}.Release|ARM.Deploy.0 = Release|ARM
		{B61927DC-BD73-4CD5-8397-22A443363A0B}.Release|x64.ActiveCfg = Release|x64
		{B61927DC-BD73-4CD5-8397-22A443363A0B}.Release|x64.Build.0 = Release|x64
		{B61927DC-BD73-4CD5-8397-22A443363A0B}.Release|x64.Deploy.0 = Release|x64
		{B61927DC-BD73-4CD5-8397-22A443363A0B}.Release|x86.ActiveCfg = Release|x86
		{B61927DC-BD73-4CD5-8397-22A443363A0B}.Release|x86.Build.0 = Release|x86
		{B61927DC-BD73-4CD5-8397-22A443363A0B}.Release|x86.Deploy.0 = Release|x86
	EndGlobalSection
	GlobalSection(SolutionProperties) = preSolution
		HideSolutionNode = FALSE
	EndGlobalSection
	GlobalSection(ExtensibilityGlobals) = postSolution
		SolutionGuid = {52A9725E-AFC4-48F7-B04B-D44B893D8221}
	EndGlobalSection
EndGlobal
